
Microsoft Visual Studio Solution File, Format Version 11.00
# Visual Studio 2010
Project("{8BC9CEB8-8B4A-11D0-8D11-00A0C91BC942}") = "Recorder", "Recorder\Recorder.vcxproj", "{A0565D15-3234-45B4-AD2A-2ACE321FFF1C}"
EndProject
Project("{8BC9CEB8-8B4A-11D0-8D11-00A0C91BC942}") = "log4cplusS", "log4cplus-1.1.3-rc2\msvc10\log4cplusS.vcxproj", "{BEC0CD2F-60CD-40E2-A89B-AB10E902F1D5}"
EndProject
Global
	GlobalSection(SolutionConfigurationPlatforms) = preSolution
		Debug_Double|Win32 = Debug_Double|Win32
		Debug_Double|x64 = Debug_Double|x64
		Debug_Single|Win32 = Debug_Single|Win32
		Debug_Single|x64 = Debug_Single|x64
		Release_Double|Win32 = Release_Double|Win32
		Release_Double|x64 = Release_Double|x64
		Release_Single|Win32 = Release_Single|Win32
		Release_Single|x64 = Release_Single|x64
	EndGlobalSection
	GlobalSection(ProjectConfigurationPlatforms) = postSolution
		{A0565D15-3234-45B4-AD2A-2ACE321FFF1C}.Debug_Double|Win32.ActiveCfg = Debug_Double|Win32
		{A0565D15-3234-45B4-AD2A-2ACE321FFF1C}.Debug_Double|Win32.Build.0 = Debug_Double|Win32
		{A0565D15-3234-45B4-AD2A-2ACE321FFF1C}.Debug_Double|x64.ActiveCfg = Debug_Double|Win32
		{A0565D15-3234-45B4-AD2A-2ACE321FFF1C}.Debug_Single|Win32.ActiveCfg = Debug_Single|Win32
		{A0565D15-3234-45B4-AD2A-2ACE321FFF1C}.Debug_Single|Win32.Build.0 = Debug_Single|Win32
		{A0565D15-3234-45B4-AD2A-2ACE321FFF1C}.Debug_Single|x64.ActiveCfg = Debug_Single|Win32
		{A0565D15-3234-45B4-AD2A-2ACE321FFF1C}.Release_Double|Win32.ActiveCfg = Release_Double|Win32
		{A0565D15-3234-45B4-AD2A-2ACE321FFF1C}.Release_Double|Win32.Build.0 = Release_Double|Win32
		{A0565D15-3234-45B4-AD2A-2ACE321FFF1C}.Release_Double|x64.ActiveCfg = Release_Double|Win32
		{A0565D15-3234-45B4-AD2A-2ACE321FFF1C}.Release_Single|Win32.ActiveCfg = Release_Single|Win32
		{A0565D15-3234-45B4-AD2A-2ACE321FFF1C}.Release_Single|Win32.Build.0 = Release_Single|Win32
		{A0565D15-3234-45B4-AD2A-2ACE321FFF1C}.Release_Single|x64.ActiveCfg = Release_Single|Win32
		{BEC0CD2F-60CD-40E2-A89B-AB10E902F1D5}.Debug_Double|Win32.ActiveCfg = Debug|Win32
		{BEC0CD2F-60CD-40E2-A89B-AB10E902F1D5}.Debug_Double|Win32.Build.0 = Debug|Win32
		{BEC0CD2F-60CD-40E2-A89B-AB10E902F1D5}.Debug_Double|x64.ActiveCfg = Debug|x64
		{BEC0CD2F-60CD-40E2-A89B-AB10E902F1D5}.Debug_Double|x64.Build.0 = Debug|x64
		{BEC0CD2F-60CD-40E2-A89B-AB10E902F1D5}.Debug_Single|Win32.ActiveCfg = Debug|Win32
		{BEC0CD2F-60CD-40E2-A89B-AB10E902F1D5}.Debug_Single|x64.ActiveCfg = Debug_Unicode|x64
		{BEC0CD2F-60CD-40E2-A89B-AB10E902F1D5}.Debug_Single|x64.Build.0 = Debug_Unicode|x64
		{BEC0CD2F-60CD-40E2-A89B-AB10E902F1D5}.Release_Double|Win32.ActiveCfg = Release|Win32
		{BEC0CD2F-60CD-40E2-A89B-AB10E902F1D5}.Release_Double|Win32.Build.0 = Release|Win32
		{BEC0CD2F-60CD-40E2-A89B-AB10E902F1D5}.Release_Double|x64.ActiveCfg = Release|x64
		{BEC0CD2F-60CD-40E2-A89B-AB10E902F1D5}.Release_Double|x64.Build.0 = Release|x64
		{BEC0CD2F-60CD-40E2-A89B-AB10E902F1D5}.Release_Single|Win32.ActiveCfg = Release|Win32
		{BEC0CD2F-60CD-40E2-A89B-AB10E902F1D5}.Release_Single|x64.ActiveCfg = Release_Unicode|x64
		{BEC0CD2F-60CD-40E2-A89B-AB10E902F1D5}.Release_Single|x64.Build.0 = Release_Unicode|x64
	EndGlobalSection
	GlobalSection(SolutionProperties) = preSolution
		HideSolutionNode = FALSE
	EndGlobalSection
EndGlobal
